// !$*UTF8*$!
{
	archiveVersion = 1;
	classes = {
	};
	objectVersion = 46;
	objects = {

/* Begin PBXBuildFile section */
		832576421DB8FC22009B33EC /* AppDelegate.swift in Sources */ = {isa = PBXBuildFile; fileRef = 832576411DB8FC22009B33EC /* AppDelegate.swift */; };
		832576441DB8FC22009B33EC /* ViewController.swift in Sources */ = {isa = PBXBuildFile; fileRef = 832576431DB8FC22009B33EC /* ViewController.swift */; };
		832576471DB8FC22009B33EC /* Main.storyboard in Resources */ = {isa = PBXBuildFile; fileRef = 832576451DB8FC22009B33EC /* Main.storyboard */; };
		832576491DB8FC22009B33EC /* Assets.xcassets in Resources */ = {isa = PBXBuildFile; fileRef = 832576481DB8FC22009B33EC /* Assets.xcassets */; };
		8325764C1DB8FC22009B33EC /* LaunchScreen.storyboard in Resources */ = {isa = PBXBuildFile; fileRef = 8325764A1DB8FC22009B33EC /* LaunchScreen.storyboard */; };
/* End PBXBuildFile section */

/* Begin PBXFileReference section */
		8325763E1DB8FC21009B33EC /* Jovem Pan Fm Manaus.app */ = {isa = PBXFileReference; explicitFileType = wrapper.application; includeInIndex = 0; path = "Jovem Pan Fm Manaus.app"; sourceTree = BUILT_PRODUCTS_DIR; };
		832576411DB8FC22009B33EC /* AppDelegate.swift */ = {isa = PBXFileReference; lastKnownFileType = sourcecode.swift; path = AppDelegate.swift; sourceTree = "<group>"; };
		832576431DB8FC22009B33EC /* ViewController.swift */ = {isa = PBXFileReference; lastKnownFileType = sourcecode.swift; path = ViewController.swift; sourceTree = "<group>"; };
		832576461DB8FC22009B33EC /* Base */ = {isa = PBXFileReference; lastKnownFileType = file.storyboard; name = Base; path = Base.lproj/Main.storyboard; sourceTree = "<group>"; };
		832576481DB8FC22009B33EC /* Assets.xcassets */ = {isa = PBXFileReference; lastKnownFileType = folder.assetcatalog; path = Assets.xcassets; sourceTree = "<group>"; };
		8325764B1DB8FC22009B33EC /* Base */ = {isa = PBXFileReference; lastKnownFileType = file.storyboard; name = Base; path = Base.lproj/LaunchScreen.storyboard; sourceTree = "<group>"; };
		8325764D1DB8FC22009B33EC /* Info.plist */ = {isa = PBXFileReference; lastKnownFileType = text.plist.xml; path = Info.plist; sourceTree = "<group>"; };
/* End PBXFileReference section */

/* Begin PBXFrameworksBuildPhase section */
		8325763B1DB8FC21009B33EC /* Frameworks */ = {
			isa = PBXFrameworksBuildPhase;
			buildActionMask = 2147483647;
			files = (
			);
			runOnlyForDeploymentPostprocessing = 0;
		};
/* End PBXFrameworksBuildPhase section */

/* Begin PBXGroup section */
		832576351DB8FC21009B33EC = {
			isa = PBXGroup;
			children = (
				832576401DB8FC21009B33EC /* Jovem Pan Fm Manaus */,
				8325763F1DB8FC21009B33EC /* Products */,
			);
			sourceTree = "<group>";
		};
		8325763F1DB8FC21009B33EC /* Products */ = {
			isa = PBXGroup;
			children = (
				8325763E1DB8FC21009B33EC /* Jovem Pan Fm Manaus.app */,
			);
			name = Products;
			sourceTree = "<group>";
		};
		832576401DB8FC21009B33EC /* Jovem Pan Fm Manaus */ = {
			isa = PBXGroup;
			children = (
				832576411DB8FC22009B33EC /* AppDelegate.swift */,
				832576431DB8FC22009B33EC /* ViewController.swift */,
				832576451DB8FC22009B33EC /* Main.storyboard */,
				832576481DB8FC22009B33EC /* Assets.xcassets */,
				8325764A1DB8FC22009B33EC /* LaunchScreen.storyboard */,
				8325764D1DB8FC22009B33EC /* Info.plist */,
			);
			path = "Jovem Pan Fm Manaus";
			sourceTree = "<group>";
		};
/* End PBXGroup section */

/* Begin PBXNativeTarget section */
		8325763D1DB8FC21009B33EC /* Jovem Pan Fm Manaus */ = {
			isa = PBXNativeTarget;
			buildConfigurationList = 832576501DB8FC22009B33EC /* Build configuration list for PBXNativeTarget "Jovem Pan Fm Manaus" */;
			buildPhases = (
				8325763A1DB8FC21009B33EC /* Sources */,
				8325763B1DB8FC21009B33EC /* Frameworks */,
				8325763C1DB8FC21009B33EC /* Resources */,
			);
			buildRules = (
			);
			dependencies = (
			);
			name = "Jovem Pan Fm Manaus";
			productName = "Jovem Pan Fm Manaus";
			productReference = 8325763E1DB8FC21009B33EC /* Jovem Pan Fm Manaus.app */;
			productType = "com.apple.product-type.application";
		};
/* End PBXNativeTarget section */

/* Begin PBXProject section */
		832576361DB8FC21009B33EC /* Project object */ = {
			isa = PBXProject;
			attributes = {
				LastSwiftUpdateCheck = 0800;
				LastUpgradeCheck = 0800;
				ORGANIZATIONNAME = EasyTiDev;
				TargetAttributes = {
					8325763D1DB8FC21009B33EC = {
						CreatedOnToolsVersion = 8.0;
						ProvisioningStyle = Automatic;
					};
				};
			};
			buildConfigurationList = 832576391DB8FC21009B33EC /* Build configuration list for PBXProject "Jovem Pan Fm Manaus" */;
			compatibilityVersion = "Xcode 3.2";
			developmentRegion = English;
			hasScannedForEncodings = 0;
			knownRegions = (
				en,
				Base,
			);
			mainGroup = 832576351DB8FC21009B33EC;
			productRefGroup = 8325763F1DB8FC21009B33EC /* Products */;
			projectDirPath = "";
			projectRoot = "";
			targets = (
				8325763D1DB8FC21009B33EC /* Jovem Pan Fm Manaus */,
			);
		};
/* End PBXProject section */

/* Begin PBXResourcesBuildPhase section */
		8325763C1DB8FC21009B33EC /* Resources */ = {
			isa = PBXResourcesBuildPhase;
			buildActionMask = 2147483647;
			files = (
				8325764C1DB8FC22009B33EC /* LaunchScreen.storyboard in Resources */,
				832576491DB8FC22009B33EC /* Assets.xcassets in Resources */,
				832576471DB8FC22009B33EC /* Main.storyboard in Resources */,
			);
			runOnlyForDeploymentPostprocessing = 0;
		};
/* End PBXResourcesBuildPhase section */

/* Begin PBXSourcesBuildPhase section */
		8325763A1DB8FC21009B33EC /* Sources */ = {
			isa = PBXSourcesBuildPhase;
			buildActionMask = 2147483647;
			files = (
				832576441DB8FC22009B33EC /* ViewController.swift in Sources */,
				832576421DB8FC22009B33EC /* AppDelegate.swift in Sources */,
			);
			runOnlyForDeploymentPostprocessing = 0;
		};
/* End PBXSourcesBuildPhase section */

/* Begin PBXVariantGroup section */
		832576451DB8FC22009B33EC /* Main.storyboard */ = {
			isa = PBXVariantGroup;
			children = (
				832576461DB8FC22009B33EC /* Base */,
			);
			name = Main.storyboard;
			sourceTree = "<group>";
		};
		8325764A1DB8FC22009B33EC /* LaunchScreen.storyboard */ = {
			isa = PBXVariantGroup;
			children = (
				8325764B1DB8FC22009B33EC /* Base */,
			);
			name = LaunchScreen.storyboard;
			sourceTree = "<group>";
		};
/* End PBXVariantGroup section */

/* Begin XCBuildConfiguration section */
		8325764E1DB8FC22009B33EC /* Debug */ = {
			isa = XCBuildConfiguration;
			buildSettings = {
				ALWAYS_SEARCH_USER_PATHS = NO;
				CLANG_ANALYZER_NONNULL = YES;
				CLANG_CXX_LANGUAGE_STANDARD = "gnu++0x";
				CLANG_CXX_LIBRARY = "libc++";
				CLANG_ENABLE_MODULES = YES;
				CLANG_ENABLE_OBJC_ARC = YES;
				CLANG_WARN_BOOL_CONVERSION = YES;
				CLANG_WARN_CONSTANT_CONVERSION = YES;
				CLANG_WARN_DIRECT_OBJC_ISA_USAGE = YES_ERROR;
				CLANG_WARN_DOCUMENTATION_COMMENTS = YES;
				CLANG_WARN_EMPTY_BODY = YES;
				CLANG_WARN_ENUM_CONVERSION = YES;
				CLANG_WARN_INFINITE_RECURSION = YES;
				CLANG_WARN_INT_CONVERSION = YES;
				CLANG_WARN_OBJC_ROOT_CLASS = YES_ERROR;
				CLANG_WARN_SUSPICIOUS_MOVES = YES;
				CLANG_WARN_UNREACHABLE_CODE = YES;
				CLANG_WARN__DUPLICATE_METHOD_MATCH = YES;
				"CODE_SIGN_IDENTITY[sdk=iphoneos*]" = "iPhone Developer";
				COPY_PHASE_STRIP = NO;
				DEBUG_INFORMATION_FORMAT = dwarf;
				ENABLE_STRICT_OBJC_MSGSEND = YES;
				ENABLE_TESTABILITY = YES;
				GCC_C_LANGUAGE_STANDARD = gnu99;
				GCC_DYNAMIC_NO_PIC = NO;
				GCC_NO_COMMON_BLOCKS = YES;
				GCC_OPTIMIZATION_LEVEL = 0;
				GCC_PREPROCESSOR_DEFINITIONS = (
					"DEBUG=1",
					"$(inherited)",
				);
				GCC_WARN_64_TO_32_BIT_CONVERSION = YES;
				GCC_WARN_ABOUT_RETURN_TYPE = YES_ERROR;
				GCC_WARN_UNDECLARED_SELECTOR = YES;
				GCC_WARN_UNINITIALIZED_AUTOS = YES_AGGRESSIVE;
				GCC_WARN_UNUSED_FUNCTION = YES;
				GCC_WARN_UNUSED_VARIABLE = YES;
				IPHONEOS_DEPLOYMENT_TARGET = 10.0;
				MTL_ENABLE_DEBUG_INFO = YES;
				ONLY_ACTIVE_ARCH = YES;
				SDKROOT = iphoneos;
				SWIFT_ACTIVE_COMPILATION_CONDITIONS = DEBUG;
				SWIFT_OPTIMIZATION_LEVEL = "-Onone";
			};
			name = Debug;
		};
		8325764F1DB8FC22009B33EC /* Release */ = {
			isa = XCBuildConfiguration;
			buildSettings = {
				ALWAYS_SEARCH_USER_PATHS = NO;
				CLANG_ANALYZER_NONNULL = YES;
				CLANG_CXX_LANGUAGE_STANDARD = "gnu++0x";
				CLANG_CXX_LIBRARY = "libc++";
				CLANG_ENABLE_MODULES = YES;
				CLANG_ENABLE_OBJC_ARC = YES;
				CLANG_WARN_BOOL_CONVERSION = YES;
				CLANG_WARN_CONSTANT_CONVERSION = YES;
				CLANG_WARN_DIRECT_OBJC_ISA_USAGE = YES_ERROR;
				CLANG_WARN_DOCUMENTATION_COMMENTS = YES;
				CLANG_WARN_EMPTY_BODY = YES;
				CLANG_WARN_ENUM_CONVERSION = YES;
				CLANG_WARN_INFINITE_RECURSION = YES;
				CLANG_WARN_INT_CONVERSION = YES;
				CLANG_WARN_OBJC_ROOT_CLASS = YES_ERROR;
				CLANG_WARN_SUSPICIOUS_MOVES = YES;
				CLANG_WARN_UNREACHABLE_CODE = YES;
				CLANG_WARN__DUPLICATE_METHOD_MATCH = YES;
				"CODE_SIGN_IDENTITY[sdk=iphoneos*]" = "iPhone Developer";
				COPY_PHASE_STRIP = NO;
				DEBUG_INFORMATION_FORMAT = "dwarf-with-dsym";
				ENABLE_NS_ASSERTIONS = NO;
				ENABLE_STRICT_OBJC_MSGSEND = YES;
				GCC_C_LANGUAGE_STANDARD = gnu99;
				GCC_NO_COMMON_BLOCKS = YES;
				GCC_WARN_64_TO_32_BIT_CONVERSION = YES;
				GCC_WARN_ABOUT_RETURN_TYPE = YES_ERROR;
				GCC_WARN_UNDECLARED_SELECTOR = YES;
				GCC_WARN_UNINITIALIZED_AUTOS = YES_AGGRESSIVE;
				GCC_WARN_UNUSED_FUNCTION = YES;
				GCC_WARN_UNUSED_VARIABLE = YES;
				IPHONEOS_DEPLOYMENT_TARGET = 10.0;
				MTL_ENABLE_DEBUG_INFO = NO;
				SDKROOT = iphoneos;
				SWIFT_OPTIMIZATION_LEVEL = "-Owholemodule";
				VALIDATE_PRODUCT = YES;
			};
			name = Release;
		};
		832576511DB8FC22009B33EC /* Debug */ = {
			isa = XCBuildConfiguration;
			buildSettings = {
				ASSETCATALOG_COMPILER_APPICON_NAME = AppIcon;
				INFOPLIST_FILE = "Jovem Pan Fm Manaus/Info.plist";
				LD_RUNPATH_SEARCH_PATHS = "$(inherited) @executable_path/Frameworks";
				PRODUCT_BUNDLE_IDENTIFIER = "com.easytidev.Jovem-Pan-Fm-Manaus";
				PRODUCT_NAME = "$(TARGET_NAME)";
				SWIFT_VERSION = 3.0;
			};
			name = Debug;
		};
		832576521DB8FC22009B33EC /* Release */ = {
			isa = XCBuildConfiguration;
			buildSettings = {
				ASSETCATALOG_COMPILER_APPICON_NAME = AppIcon;
				INFOPLIST_FILE = "Jovem Pan Fm Manaus/Info.plist";
				LD_RUNPATH_SEARCH_PATHS = "$(inherited) @executable_path/Frameworks";
				PRODUCT_BUNDLE_IDENTIFIER = "com.easytidev.Jovem-Pan-Fm-Manaus";
				PRODUCT_NAME = "$(TARGET_NAME)";
				SWIFT_VERSION = 3.0;
			};
			name = Release;
		};
/* End XCBuildConfiguration section */

/* Begin XCConfigurationList section */
		832576391DB8FC21009B33EC /* Build configuration list for PBXProject "Jovem Pan Fm Manaus" */ = {
			isa = XCConfigurationList;
			buildConfigurations = (
				8325764E1DB8FC22009B33EC /* Debug */,
				8325764F1DB8FC22009B33EC /* Release */,
			);
			defaultConfigurationIsVisible = 0;
			defaultConfigurationName = Release;
		};
		832576501DB8FC22009B33EC /* Build configuration list for PBXNativeTarget "Jovem Pan Fm Manaus" */ = {
			isa = XCConfigurationList;
			buildConfigurations = (
				832576511DB8FC22009B33EC /* Debug */,
				832576521DB8FC22009B33EC /* Release */,
			);
			defaultConfigurationIsVisible = 0;
		};
/* End XCConfigurationList section */
	};
	rootObject = 832576361DB8FC21009B33EC /* Project object */;
}
